
Microsoft Visual Studio Solution File, Format Version 12.00
# Visual Studio Version 17
VisualStudioVersion = 17.8.34309.116
MinimumVisualStudioVersion = 10.0.40219.1
Project("{FAE04EC0-301F-11D3-BF4B-00C04F79EFBC}") = "ProjetoPoo6", "ProjetoPoo6\ProjetoPoo6.csproj", "{77D404F5-6A35-41E7-9824-35A5262262DE}"
EndProject
Global
	GlobalSection(SolutionConfigurationPlatforms) = preSolution
		Debug|Any CPU = Debug|Any CPU
		Release|Any CPU = Release|Any CPU
	EndGlobalSection
	GlobalSection(ProjectConfigurationPlatforms) = postSolution
		{77D404F5-6A35-41E7-9824-35A5262262DE}.Debug|Any CPU.ActiveCfg = Debug|Any CPU
		{77D404F5-6A35-41E7-9824-35A5262262DE}.Debug|Any CPU.Build.0 = Debug|Any CPU
		{77D404F5-6A35-41E7-9824-35A5262262DE}.Release|Any CPU.ActiveCfg = Release|Any CPU
		{77D404F5-6A35-41E7-9824-35A5262262DE}.Release|Any CPU.Build.0 = Release|Any CPU
	EndGlobalSection
	GlobalSection(SolutionProperties) = preSolution
		HideSolutionNode = FALSE
	EndGlobalSection
	GlobalSection(ExtensibilityGlobals) = postSolution
		SolutionGuid = {F9D3FC2B-2911-4A63-AF12-939F12A440AA}
	EndGlobalSection
EndGlobal
